
Microsoft Visual Studio Solution File, Format Version 12.00
# Visual Studio Version 17
VisualStudioVersion = 17.5.33209.295
MinimumVisualStudioVersion = 10.0.40219.1
Project("{CC5FD16D-436D-48AD-A40C-5A424C6E3E79}") = "QuartzSvcTemplate", "svcB3DataExtraction\QuartzSvcTemplate.ccproj", "{BE063E79-C368-485D-B319-62C7D282CC0B}"
EndProject
Project("{FAE04EC0-301F-11D3-BF4B-00C04F79EFBC}") = "QuartzUI", "QuartzUI\QuartzUI.csproj", "{A6E606B1-70B2-41B3-A5AA-3D3B9040FF23}"
EndProject
Project("{FAE04EC0-301F-11D3-BF4B-00C04F79EFBC}") = "WorkerRole", "WorkerRole\WorkerRole.csproj", "{1C9BEDCF-8145-48B2-A066-33508915876C}"
EndProject
Global
	GlobalSection(SolutionConfigurationPlatforms) = preSolution
		Debug|Any CPU = Debug|Any CPU
		Release|Any CPU = Release|Any CPU
	EndGlobalSection
	GlobalSection(ProjectConfigurationPlatforms) = postSolution
		{BE063E79-C368-485D-B319-62C7D282CC0B}.Debug|Any CPU.ActiveCfg = Debug|Any CPU
		{BE063E79-C368-485D-B319-62C7D282CC0B}.Debug|Any CPU.Build.0 = Debug|Any CPU
		{BE063E79-C368-485D-B319-62C7D282CC0B}.Release|Any CPU.ActiveCfg = Release|Any CPU
		{BE063E79-C368-485D-B319-62C7D282CC0B}.Release|Any CPU.Build.0 = Release|Any CPU
		{A6E606B1-70B2-41B3-A5AA-3D3B9040FF23}.Debug|Any CPU.ActiveCfg = Debug|Any CPU
		{A6E606B1-70B2-41B3-A5AA-3D3B9040FF23}.Debug|Any CPU.Build.0 = Debug|Any CPU
		{A6E606B1-70B2-41B3-A5AA-3D3B9040FF23}.Release|Any CPU.ActiveCfg = Release|Any CPU
		{A6E606B1-70B2-41B3-A5AA-3D3B9040FF23}.Release|Any CPU.Build.0 = Release|Any CPU
		{1C9BEDCF-8145-48B2-A066-33508915876C}.Debug|Any CPU.ActiveCfg = Debug|Any CPU
		{1C9BEDCF-8145-48B2-A066-33508915876C}.Debug|Any CPU.Build.0 = Debug|Any CPU
		{1C9BEDCF-8145-48B2-A066-33508915876C}.Release|Any CPU.ActiveCfg = Release|Any CPU
		{1C9BEDCF-8145-48B2-A066-33508915876C}.Release|Any CPU.Build.0 = Release|Any CPU
	EndGlobalSection
	GlobalSection(SolutionProperties) = preSolution
		HideSolutionNode = FALSE
	EndGlobalSection
	GlobalSection(ExtensibilityGlobals) = postSolution
		SolutionGuid = {EE3630F6-780A-4C3F-903A-D6D0C9B0CBC7}
	EndGlobalSection
EndGlobal
